
Microsoft Visual Studio Solution File, Format Version 12.00
# Visual Studio 15
VisualStudioVersion = 15.0.27428.2043
MinimumVisualStudioVersion = 10.0.40219.1
Project("{FAE04EC0-301F-11D3-BF4B-00C04F79EFBC}") = "MWArray.Extensions.Tests", "MWArray.Extensions.Tests\MWArray.Extensions.Tests.csproj", "{F136DCAF-8EE8-44B1-88F6-20FF1722FE4C}"
EndProject
Project("{2150E333-8FDC-42A3-9474-1A3956D46DE8}") = "Solution Items", "Solution Items", "{AC98D88B-1A91-4E14-B1F6-D0C706BC319B}"
	ProjectSection(SolutionItems) = preProject
		MWArray.Extensions.runsettings = MWArray.Extensions.runsettings
	EndProjectSection
EndProject
Global
	GlobalSection(SolutionConfigurationPlatforms) = preSolution
		Debug|Any CPU = Debug|Any CPU
		Release|Any CPU = Release|Any CPU
	EndGlobalSection
	GlobalSection(ProjectConfigurationPlatforms) = postSolution
		{F136DCAF-8EE8-44B1-88F6-20FF1722FE4C}.Debug|Any CPU.ActiveCfg = Debug|Any CPU
		{F136DCAF-8EE8-44B1-88F6-20FF1722FE4C}.Debug|Any CPU.Build.0 = Debug|Any CPU
		{F136DCAF-8EE8-44B1-88F6-20FF1722FE4C}.Release|Any CPU.ActiveCfg = Release|Any CPU
		{F136DCAF-8EE8-44B1-88F6-20FF1722FE4C}.Release|Any CPU.Build.0 = Release|Any CPU
	EndGlobalSection
	GlobalSection(SolutionProperties) = preSolution
		HideSolutionNode = FALSE
	EndGlobalSection
	GlobalSection(ExtensibilityGlobals) = postSolution
		SolutionGuid = {296F24E9-193A-4BF3-BC11-CAB52EF4EEEC}
	EndGlobalSection
EndGlobal
